// !$*UTF8*$!
{
	archiveVersion = 1;
	classes = {
	};
	objectVersion = 56;
	objects = {

/* Begin PBXBuildFile section */
		E2380A17299D5F8300E703BA /* AppDelegate.swift in Sources */ = {isa = PBXBuildFile; fileRef = E2380A16299D5F8300E703BA /* AppDelegate.swift */; };
		E2380A19299D5F8300E703BA /* SceneDelegate.swift in Sources */ = {isa = PBXBuildFile; fileRef = E2380A18299D5F8300E703BA /* SceneDelegate.swift */; };
		E2380A1E299D5F8300E703BA /* Main.storyboard in Resources */ = {isa = PBXBuildFile; fileRef = E2380A1C299D5F8300E703BA /* Main.storyboard */; };
		E2380A20299D5F8400E703BA /* Assets.xcassets in Resources */ = {isa = PBXBuildFile; fileRef = E2380A1F299D5F8400E703BA /* Assets.xcassets */; };
		E2380A23299D5F8400E703BA /* LaunchScreen.storyboard in Resources */ = {isa = PBXBuildFile; fileRef = E2380A21299D5F8400E703BA /* LaunchScreen.storyboard */; };
		E2380A32299D61AE00E703BA /* MainTabController.swift in Sources */ = {isa = PBXBuildFile; fileRef = E2380A31299D61AE00E703BA /* MainTabController.swift */; };
		E25FA0762AE96CB10037B522 /* Extensions.swift in Sources */ = {isa = PBXBuildFile; fileRef = E25FA0752AE96CB10037B522 /* Extensions.swift */; };
		E277F1432AEACB47000BAD39 /* LoginController.swift in Sources */ = {isa = PBXBuildFile; fileRef = E277F1422AEACB47000BAD39 /* LoginController.swift */; };
		E277F1452AEACC10000BAD39 /* RegistrationController.swift in Sources */ = {isa = PBXBuildFile; fileRef = E277F1442AEACC10000BAD39 /* RegistrationController.swift */; };
		E277F1472AEAD769000BAD39 /* Utilities.swift in Sources */ = {isa = PBXBuildFile; fileRef = E277F1462AEAD769000BAD39 /* Utilities.swift */; };
		E2C72F472AAC9DD100F07716 /* FeedController.swift in Sources */ = {isa = PBXBuildFile; fileRef = E2C72F462AAC9DD100F07716 /* FeedController.swift */; };
		E2C72F492AAC9E4000F07716 /* ExploreController.swift in Sources */ = {isa = PBXBuildFile; fileRef = E2C72F482AAC9E4000F07716 /* ExploreController.swift */; };
		E2C72F4B2AAC9E5400F07716 /* NotificationsController.swift in Sources */ = {isa = PBXBuildFile; fileRef = E2C72F4A2AAC9E5400F07716 /* NotificationsController.swift */; };
		E2C72F4D2AAC9E6B00F07716 /* ConversationsController.swift in Sources */ = {isa = PBXBuildFile; fileRef = E2C72F4C2AAC9E6B00F07716 /* ConversationsController.swift */; };
/* End PBXBuildFile section */

/* Begin PBXFileReference section */
		E2380A13299D5F8300E703BA /* TwitterClone.app */ = {isa = PBXFileReference; explicitFileType = wrapper.application; includeInIndex = 0; path = TwitterClone.app; sourceTree = BUILT_PRODUCTS_DIR; };
		E2380A16299D5F8300E703BA /* AppDelegate.swift */ = {isa = PBXFileReference; lastKnownFileType = sourcecode.swift; path = AppDelegate.swift; sourceTree = "<group>"; };
		E2380A18299D5F8300E703BA /* SceneDelegate.swift */ = {isa = PBXFileReference; lastKnownFileType = sourcecode.swift; path = SceneDelegate.swift; sourceTree = "<group>"; };
		E2380A1D299D5F8300E703BA /* Base */ = {isa = PBXFileReference; lastKnownFileType = file.storyboard; name = Base; path = Base.lproj/Main.storyboard; sourceTree = "<group>"; };
		E2380A1F299D5F8400E703BA /* Assets.xcassets */ = {isa = PBXFileReference; lastKnownFileType = folder.assetcatalog; path = Assets.xcassets; sourceTree = "<group>"; };
		E2380A22299D5F8400E703BA /* Base */ = {isa = PBXFileReference; lastKnownFileType = file.storyboard; name = Base; path = Base.lproj/LaunchScreen.storyboard; sourceTree = "<group>"; };
		E2380A24299D5F8400E703BA /* Info.plist */ = {isa = PBXFileReference; lastKnownFileType = text.plist.xml; path = Info.plist; sourceTree = "<group>"; };
		E2380A31299D61AE00E703BA /* MainTabController.swift */ = {isa = PBXFileReference; lastKnownFileType = sourcecode.swift; path = MainTabController.swift; sourceTree = "<group>"; };
		E25FA0752AE96CB10037B522 /* Extensions.swift */ = {isa = PBXFileReference; lastKnownFileType = sourcecode.swift; path = Extensions.swift; sourceTree = "<group>"; };
		E277F1422AEACB47000BAD39 /* LoginController.swift */ = {isa = PBXFileReference; lastKnownFileType = sourcecode.swift; path = LoginController.swift; sourceTree = "<group>"; };
		E277F1442AEACC10000BAD39 /* RegistrationController.swift */ = {isa = PBXFileReference; lastKnownFileType = sourcecode.swift; path = RegistrationController.swift; sourceTree = "<group>"; };
		E277F1462AEAD769000BAD39 /* Utilities.swift */ = {isa = PBXFileReference; lastKnownFileType = sourcecode.swift; path = Utilities.swift; sourceTree = "<group>"; };
		E2C72F462AAC9DD100F07716 /* FeedController.swift */ = {isa = PBXFileReference; lastKnownFileType = sourcecode.swift; path = FeedController.swift; sourceTree = "<group>"; };
		E2C72F482AAC9E4000F07716 /* ExploreController.swift */ = {isa = PBXFileReference; lastKnownFileType = sourcecode.swift; path = ExploreController.swift; sourceTree = "<group>"; };
		E2C72F4A2AAC9E5400F07716 /* NotificationsController.swift */ = {isa = PBXFileReference; lastKnownFileType = sourcecode.swift; path = NotificationsController.swift; sourceTree = "<group>"; };
		E2C72F4C2AAC9E6B00F07716 /* ConversationsController.swift */ = {isa = PBXFileReference; lastKnownFileType = sourcecode.swift; path = ConversationsController.swift; sourceTree = "<group>"; };
/* End PBXFileReference section */

/* Begin PBXFrameworksBuildPhase section */
		E2380A10299D5F8300E703BA /* Frameworks */ = {
			isa = PBXFrameworksBuildPhase;
			buildActionMask = 2147483647;
			files = (
			);
			runOnlyForDeploymentPostprocessing = 0;
		};
/* End PBXFrameworksBuildPhase section */

/* Begin PBXGroup section */
		E2380A0A299D5F8300E703BA = {
			isa = PBXGroup;
			children = (
				E2380A15299D5F8300E703BA /* TwitterClone */,
				E2380A14299D5F8300E703BA /* Products */,
			);
			sourceTree = "<group>";
		};
		E2380A14299D5F8300E703BA /* Products */ = {
			isa = PBXGroup;
			children = (
				E2380A13299D5F8300E703BA /* TwitterClone.app */,
			);
			name = Products;
			sourceTree = "<group>";
		};
		E2380A15299D5F8300E703BA /* TwitterClone */ = {
			isa = PBXGroup;
			children = (
				E2380A2F299D605800E703BA /* Model */,
				E2380A2E299D605600E703BA /* View */,
				E2380A2D299D605400E703BA /* ViewModel */,
				E2380A2C299D605200E703BA /* Controller */,
				E2380A2A299D604400E703BA /* API */,
				E2380A30299D60A300E703BA /* Utils */,
				E2380A16299D5F8300E703BA /* AppDelegate.swift */,
				E2380A18299D5F8300E703BA /* SceneDelegate.swift */,
				E2380A1C299D5F8300E703BA /* Main.storyboard */,
				E2380A1F299D5F8400E703BA /* Assets.xcassets */,
				E2380A21299D5F8400E703BA /* LaunchScreen.storyboard */,
				E2380A24299D5F8400E703BA /* Info.plist */,
			);
			path = TwitterClone;
			sourceTree = "<group>";
		};
		E2380A2A299D604400E703BA /* API */ = {
			isa = PBXGroup;
			children = (
			);
			path = API;
			sourceTree = "<group>";
		};
		E2380A2C299D605200E703BA /* Controller */ = {
			isa = PBXGroup;
			children = (
				E277F1412AEACB2A000BAD39 /* Authentication */,
				E2380A31299D61AE00E703BA /* MainTabController.swift */,
				E2C72F462AAC9DD100F07716 /* FeedController.swift */,
				E2C72F482AAC9E4000F07716 /* ExploreController.swift */,
				E2C72F4A2AAC9E5400F07716 /* NotificationsController.swift */,
				E2C72F4C2AAC9E6B00F07716 /* ConversationsController.swift */,
			);
			path = Controller;
			sourceTree = "<group>";
		};
		E2380A2D299D605400E703BA /* ViewModel */ = {
			isa = PBXGroup;
			children = (
			);
			path = ViewModel;
			sourceTree = "<group>";
		};
		E2380A2E299D605600E703BA /* View */ = {
			isa = PBXGroup;
			children = (
			);
			path = View;
			sourceTree = "<group>";
		};
		E2380A2F299D605800E703BA /* Model */ = {
			isa = PBXGroup;
			children = (
			);
			path = Model;
			sourceTree = "<group>";
		};
		E2380A30299D60A300E703BA /* Utils */ = {
			isa = PBXGroup;
			children = (
				E25FA0752AE96CB10037B522 /* Extensions.swift */,
				E277F1462AEAD769000BAD39 /* Utilities.swift */,
			);
			path = Utils;
			sourceTree = "<group>";
		};
		E277F1412AEACB2A000BAD39 /* Authentication */ = {
			isa = PBXGroup;
			children = (
				E277F1422AEACB47000BAD39 /* LoginController.swift */,
				E277F1442AEACC10000BAD39 /* RegistrationController.swift */,
			);
			path = Authentication;
			sourceTree = "<group>";
		};
/* End PBXGroup section */

/* Begin PBXNativeTarget section */
		E2380A12299D5F8300E703BA /* TwitterClone */ = {
			isa = PBXNativeTarget;
			buildConfigurationList = E2380A27299D5F8400E703BA /* Build configuration list for PBXNativeTarget "TwitterClone" */;
			buildPhases = (
				E2380A0F299D5F8300E703BA /* Sources */,
				E2380A10299D5F8300E703BA /* Frameworks */,
				E2380A11299D5F8300E703BA /* Resources */,
			);
			buildRules = (
			);
			dependencies = (
			);
			name = TwitterClone;
			productName = TwitterClone;
			productReference = E2380A13299D5F8300E703BA /* TwitterClone.app */;
			productType = "com.apple.product-type.application";
		};
/* End PBXNativeTarget section */

/* Begin PBXProject section */
		E2380A0B299D5F8300E703BA /* Project object */ = {
			isa = PBXProject;
			attributes = {
				BuildIndependentTargetsInParallel = 1;
				LastSwiftUpdateCheck = 1420;
				LastUpgradeCheck = 1500;
				TargetAttributes = {
					E2380A12299D5F8300E703BA = {
						CreatedOnToolsVersion = 14.2;
					};
				};
			};
			buildConfigurationList = E2380A0E299D5F8300E703BA /* Build configuration list for PBXProject "TwitterClone" */;
			compatibilityVersion = "Xcode 14.0";
			developmentRegion = en;
			hasScannedForEncodings = 0;
			knownRegions = (
				en,
				Base,
			);
			mainGroup = E2380A0A299D5F8300E703BA;
			productRefGroup = E2380A14299D5F8300E703BA /* Products */;
			projectDirPath = "";
			projectRoot = "";
			targets = (
				E2380A12299D5F8300E703BA /* TwitterClone */,
			);
		};
/* End PBXProject section */

/* Begin PBXResourcesBuildPhase section */
		E2380A11299D5F8300E703BA /* Resources */ = {
			isa = PBXResourcesBuildPhase;
			buildActionMask = 2147483647;
			files = (
				E2380A23299D5F8400E703BA /* LaunchScreen.storyboard in Resources */,
				E2380A20299D5F8400E703BA /* Assets.xcassets in Resources */,
				E2380A1E299D5F8300E703BA /* Main.storyboard in Resources */,
			);
			runOnlyForDeploymentPostprocessing = 0;
		};
/* End PBXResourcesBuildPhase section */

/* Begin PBXSourcesBuildPhase section */
		E2380A0F299D5F8300E703BA /* Sources */ = {
			isa = PBXSourcesBuildPhase;
			buildActionMask = 2147483647;
			files = (
				E2C72F4B2AAC9E5400F07716 /* NotificationsController.swift in Sources */,
				E2C72F4D2AAC9E6B00F07716 /* ConversationsController.swift in Sources */,
				E277F1472AEAD769000BAD39 /* Utilities.swift in Sources */,
				E2380A17299D5F8300E703BA /* AppDelegate.swift in Sources */,
				E25FA0762AE96CB10037B522 /* Extensions.swift in Sources */,
				E2C72F492AAC9E4000F07716 /* ExploreController.swift in Sources */,
				E2380A19299D5F8300E703BA /* SceneDelegate.swift in Sources */,
				E2380A32299D61AE00E703BA /* MainTabController.swift in Sources */,
				E277F1432AEACB47000BAD39 /* LoginController.swift in Sources */,
				E277F1452AEACC10000BAD39 /* RegistrationController.swift in Sources */,
				E2C72F472AAC9DD100F07716 /* FeedController.swift in Sources */,
			);
			runOnlyForDeploymentPostprocessing = 0;
		};
/* End PBXSourcesBuildPhase section */

/* Begin PBXVariantGroup section */
		E2380A1C299D5F8300E703BA /* Main.storyboard */ = {
			isa = PBXVariantGroup;
			children = (
				E2380A1D299D5F8300E703BA /* Base */,
			);
			name = Main.storyboard;
			sourceTree = "<group>";
		};
		E2380A21299D5F8400E703BA /* LaunchScreen.storyboard */ = {
			isa = PBXVariantGroup;
			children = (
				E2380A22299D5F8400E703BA /* Base */,
			);
			name = LaunchScreen.storyboard;
			sourceTree = "<group>";
		};
/* End PBXVariantGroup section */

/* Begin XCBuildConfiguration section */
		E2380A25299D5F8400E703BA /* Debug */ = {
			isa = XCBuildConfiguration;
			buildSettings = {
				ALWAYS_SEARCH_USER_PATHS = NO;
				CLANG_ANALYZER_NONNULL = YES;
				CLANG_ANALYZER_NUMBER_OBJECT_CONVERSION = YES_AGGRESSIVE;
				CLANG_CXX_LANGUAGE_STANDARD = "gnu++20";
				CLANG_ENABLE_MODULES = YES;
				CLANG_ENABLE_OBJC_ARC = YES;
				CLANG_ENABLE_OBJC_WEAK = YES;
				CLANG_WARN_BLOCK_CAPTURE_AUTORELEASING = YES;
				CLANG_WARN_BOOL_CONVERSION = YES;
				CLANG_WARN_COMMA = YES;
				CLANG_WARN_CONSTANT_CONVERSION = YES;
				CLANG_WARN_DEPRECATED_OBJC_IMPLEMENTATIONS = YES;
				CLANG_WARN_DIRECT_OBJC_ISA_USAGE = YES_ERROR;
				CLANG_WARN_DOCUMENTATION_COMMENTS = YES;
				CLANG_WARN_EMPTY_BODY = YES;
				CLANG_WARN_ENUM_CONVERSION = YES;
				CLANG_WARN_INFINITE_RECURSION = YES;
				CLANG_WARN_INT_CONVERSION = YES;
				CLANG_WARN_NON_LITERAL_NULL_CONVERSION = YES;
				CLANG_WARN_OBJC_IMPLICIT_RETAIN_SELF = YES;
				CLANG_WARN_OBJC_LITERAL_CONVERSION = YES;
				CLANG_WARN_OBJC_ROOT_CLASS = YES_ERROR;
				CLANG_WARN_QUOTED_INCLUDE_IN_FRAMEWORK_HEADER = YES;
				CLANG_WARN_RANGE_LOOP_ANALYSIS = YES;
				CLANG_WARN_STRICT_PROTOTYPES = YES;
				CLANG_WARN_SUSPICIOUS_MOVE = YES;
				CLANG_WARN_UNGUARDED_AVAILABILITY = YES_AGGRESSIVE;
				CLANG_WARN_UNREACHABLE_CODE = YES;
				CLANG_WARN__DUPLICATE_METHOD_MATCH = YES;
				COPY_PHASE_STRIP = NO;
				DEBUG_INFORMATION_FORMAT = dwarf;
				ENABLE_STRICT_OBJC_MSGSEND = YES;
				ENABLE_TESTABILITY = YES;
				ENABLE_USER_SCRIPT_SANDBOXING = YES;
				GCC_C_LANGUAGE_STANDARD = gnu11;
				GCC_DYNAMIC_NO_PIC = NO;
				GCC_NO_COMMON_BLOCKS = YES;
				GCC_OPTIMIZATION_LEVEL = 0;
				GCC_PREPROCESSOR_DEFINITIONS = (
					"DEBUG=1",
					"$(inherited)",
				);
				GCC_WARN_64_TO_32_BIT_CONVERSION = YES;
				GCC_WARN_ABOUT_RETURN_TYPE = YES_ERROR;
				GCC_WARN_UNDECLARED_SELECTOR = YES;
				GCC_WARN_UNINITIALIZED_AUTOS = YES_AGGRESSIVE;
				GCC_WARN_UNUSED_FUNCTION = YES;
				GCC_WARN_UNUSED_VARIABLE = YES;
				IPHONEOS_DEPLOYMENT_TARGET = 16.2;
				MTL_ENABLE_DEBUG_INFO = INCLUDE_SOURCE;
				MTL_FAST_MATH = YES;
				ONLY_ACTIVE_ARCH = YES;
				SDKROOT = iphoneos;
				SWIFT_ACTIVE_COMPILATION_CONDITIONS = DEBUG;
				SWIFT_OPTIMIZATION_LEVEL = "-Onone";
			};
			name = Debug;
		};
		E2380A26299D5F8400E703BA /* Release */ = {
			isa = XCBuildConfiguration;
			buildSettings = {
				ALWAYS_SEARCH_USER_PATHS = NO;
				CLANG_ANALYZER_NONNULL = YES;
				CLANG_ANALYZER_NUMBER_OBJECT_CONVERSION = YES_AGGRESSIVE;
				CLANG_CXX_LANGUAGE_STANDARD = "gnu++20";
				CLANG_ENABLE_MODULES = YES;
				CLANG_ENABLE_OBJC_ARC = YES;
				CLANG_ENABLE_OBJC_WEAK = YES;
				CLANG_WARN_BLOCK_CAPTURE_AUTORELEASING = YES;
				CLANG_WARN_BOOL_CONVERSION = YES;
				CLANG_WARN_COMMA = YES;
				CLANG_WARN_CONSTANT_CONVERSION = YES;
				CLANG_WARN_DEPRECATED_OBJC_IMPLEMENTATIONS = YES;
				CLANG_WARN_DIRECT_OBJC_ISA_USAGE = YES_ERROR;
				CLANG_WARN_DOCUMENTATION_COMMENTS = YES;
				CLANG_WARN_EMPTY_BODY = YES;
				CLANG_WARN_ENUM_CONVERSION = YES;
				CLANG_WARN_INFINITE_RECURSION = YES;
				CLANG_WARN_INT_CONVERSION = YES;
				CLANG_WARN_NON_LITERAL_NULL_CONVERSION = YES;
				CLANG_WARN_OBJC_IMPLICIT_RETAIN_SELF = YES;
				CLANG_WARN_OBJC_LITERAL_CONVERSION = YES;
				CLANG_WARN_OBJC_ROOT_CLASS = YES_ERROR;
				CLANG_WARN_QUOTED_INCLUDE_IN_FRAMEWORK_HEADER = YES;
				CLANG_WARN_RANGE_LOOP_ANALYSIS = YES;
				CLANG_WARN_STRICT_PROTOTYPES = YES;
				CLANG_WARN_SUSPICIOUS_MOVE = YES;
				CLANG_WARN_UNGUARDED_AVAILABILITY = YES_AGGRESSIVE;
				CLANG_WARN_UNREACHABLE_CODE = YES;
				CLANG_WARN__DUPLICATE_METHOD_MATCH = YES;
				COPY_PHASE_STRIP = NO;
				DEBUG_INFORMATION_FORMAT = "dwarf-with-dsym";
				ENABLE_NS_ASSERTIONS = NO;
				ENABLE_STRICT_OBJC_MSGSEND = YES;
				ENABLE_USER_SCRIPT_SANDBOXING = YES;
				GCC_C_LANGUAGE_STANDARD = gnu11;
				GCC_NO_COMMON_BLOCKS = YES;
				GCC_WARN_64_TO_32_BIT_CONVERSION = YES;
				GCC_WARN_ABOUT_RETURN_TYPE = YES_ERROR;
				GCC_WARN_UNDECLARED_SELECTOR = YES;
				GCC_WARN_UNINITIALIZED_AUTOS = YES_AGGRESSIVE;
				GCC_WARN_UNUSED_FUNCTION = YES;
				GCC_WARN_UNUSED_VARIABLE = YES;
				IPHONEOS_DEPLOYMENT_TARGET = 16.2;
				MTL_ENABLE_DEBUG_INFO = NO;
				MTL_FAST_MATH = YES;
				SDKROOT = iphoneos;
				SWIFT_COMPILATION_MODE = wholemodule;
				SWIFT_OPTIMIZATION_LEVEL = "-O";
				VALIDATE_PRODUCT = YES;
			};
			name = Release;
		};
		E2380A28299D5F8400E703BA /* Debug */ = {
			isa = XCBuildConfiguration;
			buildSettings = {
				ASSETCATALOG_COMPILER_APPICON_NAME = AppIcon;
				ASSETCATALOG_COMPILER_GLOBAL_ACCENT_COLOR_NAME = AccentColor;
				CODE_SIGN_STYLE = Automatic;
				CURRENT_PROJECT_VERSION = 1;
				DEVELOPMENT_TEAM = Q4YS55FQ72;
				GENERATE_INFOPLIST_FILE = YES;
				INFOPLIST_FILE = TwitterClone/Info.plist;
				INFOPLIST_KEY_UIApplicationSupportsIndirectInputEvents = YES;
				INFOPLIST_KEY_UILaunchStoryboardName = LaunchScreen;
				INFOPLIST_KEY_UIMainStoryboardFile = Main;
				INFOPLIST_KEY_UISupportedInterfaceOrientations_iPad = "UIInterfaceOrientationPortrait UIInterfaceOrientationPortraitUpsideDown UIInterfaceOrientationLandscapeLeft UIInterfaceOrientationLandscapeRight";
				INFOPLIST_KEY_UISupportedInterfaceOrientations_iPhone = "UIInterfaceOrientationPortrait UIInterfaceOrientationLandscapeLeft UIInterfaceOrientationLandscapeRight";
				LD_RUNPATH_SEARCH_PATHS = (
					"$(inherited)",
					"@executable_path/Frameworks",
				);
				MARKETING_VERSION = 1.0;
				PRODUCT_BUNDLE_IDENTIFIER = com.chiragarora.TwitterClone;
				PRODUCT_NAME = "$(TARGET_NAME)";
				SWIFT_EMIT_LOC_STRINGS = YES;
				SWIFT_VERSION = 5.0;
				TARGETED_DEVICE_FAMILY = "1,2";
			};
			name = Debug;
		};
		E2380A29299D5F8400E703BA /* Release */ = {
			isa = XCBuildConfiguration;
			buildSettings = {
				ASSETCATALOG_COMPILER_APPICON_NAME = AppIcon;
				ASSETCATALOG_COMPILER_GLOBAL_ACCENT_COLOR_NAME = AccentColor;
				CODE_SIGN_STYLE = Automatic;
				CURRENT_PROJECT_VERSION = 1;
				DEVELOPMENT_TEAM = Q4YS55FQ72;
				GENERATE_INFOPLIST_FILE = YES;
				INFOPLIST_FILE = TwitterClone/Info.plist;
				INFOPLIST_KEY_UIApplicationSupportsIndirectInputEvents = YES;
				INFOPLIST_KEY_UILaunchStoryboardName = LaunchScreen;
				INFOPLIST_KEY_UIMainStoryboardFile = Main;
				INFOPLIST_KEY_UISupportedInterfaceOrientations_iPad = "UIInterfaceOrientationPortrait UIInterfaceOrientationPortraitUpsideDown UIInterfaceOrientationLandscapeLeft UIInterfaceOrientationLandscapeRight";
				INFOPLIST_KEY_UISupportedInterfaceOrientations_iPhone = "UIInterfaceOrientationPortrait UIInterfaceOrientationLandscapeLeft UIInterfaceOrientationLandscapeRight";
				LD_RUNPATH_SEARCH_PATHS = (
					"$(inherited)",
					"@executable_path/Frameworks",
				);
				MARKETING_VERSION = 1.0;
				PRODUCT_BUNDLE_IDENTIFIER = com.chiragarora.TwitterClone;
				PRODUCT_NAME = "$(TARGET_NAME)";
				SWIFT_EMIT_LOC_STRINGS = YES;
				SWIFT_VERSION = 5.0;
				TARGETED_DEVICE_FAMILY = "1,2";
			};
			name = Release;
		};
/* End XCBuildConfiguration section */

/* Begin XCConfigurationList section */
		E2380A0E299D5F8300E703BA /* Build configuration list for PBXProject "TwitterClone" */ = {
			isa = XCConfigurationList;
			buildConfigurations = (
				E2380A25299D5F8400E703BA /* Debug */,
				E2380A26299D5F8400E703BA /* Release */,
			);
			defaultConfigurationIsVisible = 0;
			defaultConfigurationName = Release;
		};
		E2380A27299D5F8400E703BA /* Build configuration list for PBXNativeTarget "TwitterClone" */ = {
			isa = XCConfigurationList;
			buildConfigurations = (
				E2380A28299D5F8400E703BA /* Debug */,
				E2380A29299D5F8400E703BA /* Release */,
			);
			defaultConfigurationIsVisible = 0;
			defaultConfigurationName = Release;
		};
/* End XCConfigurationList section */
	};
	rootObject = E2380A0B299D5F8300E703BA /* Project object */;
}
