// !$*UTF8*$!
{
	archiveVersion = 1;
	classes = {
	};
	objectVersion = 56;
	objects = {

/* Begin PBXBuildFile section */
		E22092C72B3DF488004E3C69 /* TweetController.swift in Sources */ = {isa = PBXBuildFile; fileRef = E22092C62B3DF488004E3C69 /* TweetController.swift */; };
		E22092C92B3E011B004E3C69 /* TweetHeader.swift in Sources */ = {isa = PBXBuildFile; fileRef = E22092C82B3E011B004E3C69 /* TweetHeader.swift */; };
		E2380A17299D5F8300E703BA /* AppDelegate.swift in Sources */ = {isa = PBXBuildFile; fileRef = E2380A16299D5F8300E703BA /* AppDelegate.swift */; };
		E2380A19299D5F8300E703BA /* SceneDelegate.swift in Sources */ = {isa = PBXBuildFile; fileRef = E2380A18299D5F8300E703BA /* SceneDelegate.swift */; };
		E2380A1E299D5F8300E703BA /* Main.storyboard in Resources */ = {isa = PBXBuildFile; fileRef = E2380A1C299D5F8300E703BA /* Main.storyboard */; };
		E2380A20299D5F8400E703BA /* Assets.xcassets in Resources */ = {isa = PBXBuildFile; fileRef = E2380A1F299D5F8400E703BA /* Assets.xcassets */; };
		E2380A23299D5F8400E703BA /* LaunchScreen.storyboard in Resources */ = {isa = PBXBuildFile; fileRef = E2380A21299D5F8400E703BA /* LaunchScreen.storyboard */; };
		E2380A32299D61AE00E703BA /* MainTabController.swift in Sources */ = {isa = PBXBuildFile; fileRef = E2380A31299D61AE00E703BA /* MainTabController.swift */; };
		E241B2E92B4056F4008BF2DE /* UploadTweetViewModel.swift in Sources */ = {isa = PBXBuildFile; fileRef = E241B2E82B4056F4008BF2DE /* UploadTweetViewModel.swift */; };
		E253E3DC2AEFB89900AE8B74 /* Tweet.swift in Sources */ = {isa = PBXBuildFile; fileRef = E253E3DB2AEFB89900AE8B74 /* Tweet.swift */; };
		E253E3DE2AEFD10D00AE8B74 /* TweetCell.swift in Sources */ = {isa = PBXBuildFile; fileRef = E253E3DD2AEFD10D00AE8B74 /* TweetCell.swift */; };
		E253E3FA2AF19E6800AE8B74 /* TweetViewModel.swift in Sources */ = {isa = PBXBuildFile; fileRef = E253E3F92AF19E6700AE8B74 /* TweetViewModel.swift */; };
		E25E74852B05F5FC000C18A5 /* UserCell.swift in Sources */ = {isa = PBXBuildFile; fileRef = E25E74842B05F5FC000C18A5 /* UserCell.swift */; };
		E25FA0762AE96CB10037B522 /* Extensions.swift in Sources */ = {isa = PBXBuildFile; fileRef = E25FA0752AE96CB10037B522 /* Extensions.swift */; };
		E26121212AEBCD290058280B /* GoogleService-Info.plist in Resources */ = {isa = PBXBuildFile; fileRef = E26121202AEBCD290058280B /* GoogleService-Info.plist */; };
		E26121242AEBDD460058280B /* FirebaseAnalytics in Frameworks */ = {isa = PBXBuildFile; productRef = E26121232AEBDD460058280B /* FirebaseAnalytics */; };
		E26121262AEBDD460058280B /* FirebaseAnalyticsOnDeviceConversion in Frameworks */ = {isa = PBXBuildFile; productRef = E26121252AEBDD460058280B /* FirebaseAnalyticsOnDeviceConversion */; };
		E26121282AEBDD460058280B /* FirebaseAnalyticsSwift in Frameworks */ = {isa = PBXBuildFile; productRef = E26121272AEBDD460058280B /* FirebaseAnalyticsSwift */; };
		E261212A2AEBDD460058280B /* FirebaseAnalyticsWithoutAdIdSupport in Frameworks */ = {isa = PBXBuildFile; productRef = E26121292AEBDD460058280B /* FirebaseAnalyticsWithoutAdIdSupport */; };
		E261212C2AEBDD460058280B /* FirebaseAppCheck in Frameworks */ = {isa = PBXBuildFile; productRef = E261212B2AEBDD460058280B /* FirebaseAppCheck */; };
		E261212E2AEBDD460058280B /* FirebaseAppDistribution-Beta in Frameworks */ = {isa = PBXBuildFile; productRef = E261212D2AEBDD460058280B /* FirebaseAppDistribution-Beta */; };
		E26121302AEBDD460058280B /* FirebaseAuth in Frameworks */ = {isa = PBXBuildFile; productRef = E261212F2AEBDD460058280B /* FirebaseAuth */; };
		E26121322AEBDD460058280B /* FirebaseAuthCombine-Community in Frameworks */ = {isa = PBXBuildFile; productRef = E26121312AEBDD460058280B /* FirebaseAuthCombine-Community */; };
		E26121342AEBDD460058280B /* FirebaseCrashlytics in Frameworks */ = {isa = PBXBuildFile; productRef = E26121332AEBDD460058280B /* FirebaseCrashlytics */; };
		E26121362AEBDD460058280B /* FirebaseDatabase in Frameworks */ = {isa = PBXBuildFile; productRef = E26121352AEBDD460058280B /* FirebaseDatabase */; };
		E26121382AEBDD460058280B /* FirebaseDatabaseSwift in Frameworks */ = {isa = PBXBuildFile; productRef = E26121372AEBDD460058280B /* FirebaseDatabaseSwift */; };
		E261213A2AEBDD460058280B /* FirebaseDynamicLinks in Frameworks */ = {isa = PBXBuildFile; productRef = E26121392AEBDD460058280B /* FirebaseDynamicLinks */; };
		E261213C2AEBDD460058280B /* FirebaseFirestore in Frameworks */ = {isa = PBXBuildFile; productRef = E261213B2AEBDD460058280B /* FirebaseFirestore */; };
		E261213E2AEBDD460058280B /* FirebaseFirestoreCombine-Community in Frameworks */ = {isa = PBXBuildFile; productRef = E261213D2AEBDD460058280B /* FirebaseFirestoreCombine-Community */; };
		E26121402AEBDD460058280B /* FirebaseFirestoreSwift in Frameworks */ = {isa = PBXBuildFile; productRef = E261213F2AEBDD460058280B /* FirebaseFirestoreSwift */; };
		E26121422AEBDD460058280B /* FirebaseFunctions in Frameworks */ = {isa = PBXBuildFile; productRef = E26121412AEBDD460058280B /* FirebaseFunctions */; };
		E26121442AEBDD460058280B /* FirebaseFunctionsCombine-Community in Frameworks */ = {isa = PBXBuildFile; productRef = E26121432AEBDD460058280B /* FirebaseFunctionsCombine-Community */; };
		E26121462AEBDD460058280B /* FirebaseInAppMessaging-Beta in Frameworks */ = {isa = PBXBuildFile; productRef = E26121452AEBDD460058280B /* FirebaseInAppMessaging-Beta */; };
		E26121482AEBDD460058280B /* FirebaseInAppMessagingSwift-Beta in Frameworks */ = {isa = PBXBuildFile; productRef = E26121472AEBDD460058280B /* FirebaseInAppMessagingSwift-Beta */; };
		E261214A2AEBDD460058280B /* FirebaseInstallations in Frameworks */ = {isa = PBXBuildFile; productRef = E26121492AEBDD460058280B /* FirebaseInstallations */; };
		E261214C2AEBDD460058280B /* FirebaseMLModelDownloader in Frameworks */ = {isa = PBXBuildFile; productRef = E261214B2AEBDD460058280B /* FirebaseMLModelDownloader */; };
		E261214E2AEBDD460058280B /* FirebaseMessaging in Frameworks */ = {isa = PBXBuildFile; productRef = E261214D2AEBDD460058280B /* FirebaseMessaging */; };
		E26121502AEBDD460058280B /* FirebasePerformance in Frameworks */ = {isa = PBXBuildFile; productRef = E261214F2AEBDD460058280B /* FirebasePerformance */; };
		E26121522AEBDD460058280B /* FirebaseRemoteConfig in Frameworks */ = {isa = PBXBuildFile; productRef = E26121512AEBDD460058280B /* FirebaseRemoteConfig */; };
		E26121542AEBDD460058280B /* FirebaseRemoteConfigSwift in Frameworks */ = {isa = PBXBuildFile; productRef = E26121532AEBDD460058280B /* FirebaseRemoteConfigSwift */; };
		E26121562AEBDD460058280B /* FirebaseStorage in Frameworks */ = {isa = PBXBuildFile; productRef = E26121552AEBDD460058280B /* FirebaseStorage */; };
		E26121582AEBDD460058280B /* FirebaseStorageCombine-Community in Frameworks */ = {isa = PBXBuildFile; productRef = E26121572AEBDD460058280B /* FirebaseStorageCombine-Community */; };
		E261215A2AEC19900058280B /* Constants.swift in Sources */ = {isa = PBXBuildFile; fileRef = E26121592AEC19900058280B /* Constants.swift */; };
		E261215C2AEC45C90058280B /* AuthService.swift in Sources */ = {isa = PBXBuildFile; fileRef = E261215B2AEC45C90058280B /* AuthService.swift */; };
		E261215E2AED0B630058280B /* UserService.swift in Sources */ = {isa = PBXBuildFile; fileRef = E261215D2AED0B630058280B /* UserService.swift */; };
		E26121602AED11270058280B /* User.swift in Sources */ = {isa = PBXBuildFile; fileRef = E261215F2AED11270058280B /* User.swift */; };
		E26121632AED31940058280B /* SDWebImage in Frameworks */ = {isa = PBXBuildFile; productRef = E26121622AED31940058280B /* SDWebImage */; };
		E26121652AED31940058280B /* SDWebImageMapKit in Frameworks */ = {isa = PBXBuildFile; productRef = E26121642AED31940058280B /* SDWebImageMapKit */; };
		E26C97B82B42D4B1005E68BB /* ActionSheetCell.swift in Sources */ = {isa = PBXBuildFile; fileRef = E26C97B72B42D4B1005E68BB /* ActionSheetCell.swift */; };
		E26C97BC2B4315B8005E68BB /* ActionSheetViewModel.swift in Sources */ = {isa = PBXBuildFile; fileRef = E26C97BB2B4315B8005E68BB /* ActionSheetViewModel.swift */; };
		E27305702AF2CDF100FAF263 /* ProfileController.swift in Sources */ = {isa = PBXBuildFile; fileRef = E273056F2AF2CDF100FAF263 /* ProfileController.swift */; };
		E277F1432AEACB47000BAD39 /* LoginController.swift in Sources */ = {isa = PBXBuildFile; fileRef = E277F1422AEACB47000BAD39 /* LoginController.swift */; };
		E277F1452AEACC10000BAD39 /* RegistrationController.swift in Sources */ = {isa = PBXBuildFile; fileRef = E277F1442AEACC10000BAD39 /* RegistrationController.swift */; };
		E277F1472AEAD769000BAD39 /* Utilities.swift in Sources */ = {isa = PBXBuildFile; fileRef = E277F1462AEAD769000BAD39 /* Utilities.swift */; };
		E292195E2AEE417400B85A7A /* UploadTweetController.swift in Sources */ = {isa = PBXBuildFile; fileRef = E292195D2AEE417400B85A7A /* UploadTweetController.swift */; };
		E29219602AEE803000B85A7A /* CaptionTextView.swift in Sources */ = {isa = PBXBuildFile; fileRef = E292195F2AEE803000B85A7A /* CaptionTextView.swift */; };
		E29219622AEE8BFE00B85A7A /* TweetService.swift in Sources */ = {isa = PBXBuildFile; fileRef = E29219612AEE8BFE00B85A7A /* TweetService.swift */; };
		E2B1BC2C2B42053400E3D048 /* ActionSheetLauncher.swift in Sources */ = {isa = PBXBuildFile; fileRef = E2B1BC2B2B42053400E3D048 /* ActionSheetLauncher.swift */; };
		E2C72F472AAC9DD100F07716 /* FeedController.swift in Sources */ = {isa = PBXBuildFile; fileRef = E2C72F462AAC9DD100F07716 /* FeedController.swift */; };
		E2C72F492AAC9E4000F07716 /* ExploreController.swift in Sources */ = {isa = PBXBuildFile; fileRef = E2C72F482AAC9E4000F07716 /* ExploreController.swift */; };
		E2C72F4B2AAC9E5400F07716 /* NotificationsController.swift in Sources */ = {isa = PBXBuildFile; fileRef = E2C72F4A2AAC9E5400F07716 /* NotificationsController.swift */; };
		E2C72F4D2AAC9E6B00F07716 /* ConversationsController.swift in Sources */ = {isa = PBXBuildFile; fileRef = E2C72F4C2AAC9E6B00F07716 /* ConversationsController.swift */; };
		E2CEF7682AF9574D006CE8B7 /* ProfileFilterView.swift in Sources */ = {isa = PBXBuildFile; fileRef = E2CEF7672AF9574D006CE8B7 /* ProfileFilterView.swift */; };
		E2CEF76A2AF95AE9006CE8B7 /* ProfileFilterCell.swift in Sources */ = {isa = PBXBuildFile; fileRef = E2CEF7692AF95AE9006CE8B7 /* ProfileFilterCell.swift */; };
		E2CEF76C2AFAC509006CE8B7 /* ProfileHeaderViewModel.swift in Sources */ = {isa = PBXBuildFile; fileRef = E2CEF76B2AFAC509006CE8B7 /* ProfileHeaderViewModel.swift */; };
		E2DA47982AF4131500214C8F /* ProfileHeader.swift in Sources */ = {isa = PBXBuildFile; fileRef = E2DA47972AF4131500214C8F /* ProfileHeader.swift */; };
/* End PBXBuildFile section */

/* Begin PBXFileReference section */
		E22092C62B3DF488004E3C69 /* TweetController.swift */ = {isa = PBXFileReference; lastKnownFileType = sourcecode.swift; path = TweetController.swift; sourceTree = "<group>"; };
		E22092C82B3E011B004E3C69 /* TweetHeader.swift */ = {isa = PBXFileReference; lastKnownFileType = sourcecode.swift; path = TweetHeader.swift; sourceTree = "<group>"; };
		E2380A13299D5F8300E703BA /* TwitterClone.app */ = {isa = PBXFileReference; explicitFileType = wrapper.application; includeInIndex = 0; path = TwitterClone.app; sourceTree = BUILT_PRODUCTS_DIR; };
		E2380A16299D5F8300E703BA /* AppDelegate.swift */ = {isa = PBXFileReference; lastKnownFileType = sourcecode.swift; path = AppDelegate.swift; sourceTree = "<group>"; };
		E2380A18299D5F8300E703BA /* SceneDelegate.swift */ = {isa = PBXFileReference; lastKnownFileType = sourcecode.swift; path = SceneDelegate.swift; sourceTree = "<group>"; };
		E2380A1D299D5F8300E703BA /* Base */ = {isa = PBXFileReference; lastKnownFileType = file.storyboard; name = Base; path = Base.lproj/Main.storyboard; sourceTree = "<group>"; };
		E2380A1F299D5F8400E703BA /* Assets.xcassets */ = {isa = PBXFileReference; lastKnownFileType = folder.assetcatalog; path = Assets.xcassets; sourceTree = "<group>"; };
		E2380A22299D5F8400E703BA /* Base */ = {isa = PBXFileReference; lastKnownFileType = file.storyboard; name = Base; path = Base.lproj/LaunchScreen.storyboard; sourceTree = "<group>"; };
		E2380A24299D5F8400E703BA /* Info.plist */ = {isa = PBXFileReference; lastKnownFileType = text.plist.xml; path = Info.plist; sourceTree = "<group>"; };
		E2380A31299D61AE00E703BA /* MainTabController.swift */ = {isa = PBXFileReference; lastKnownFileType = sourcecode.swift; path = MainTabController.swift; sourceTree = "<group>"; };
		E241B2E82B4056F4008BF2DE /* UploadTweetViewModel.swift */ = {isa = PBXFileReference; lastKnownFileType = sourcecode.swift; path = UploadTweetViewModel.swift; sourceTree = "<group>"; };
		E253E3DB2AEFB89900AE8B74 /* Tweet.swift */ = {isa = PBXFileReference; lastKnownFileType = sourcecode.swift; path = Tweet.swift; sourceTree = "<group>"; };
		E253E3DD2AEFD10D00AE8B74 /* TweetCell.swift */ = {isa = PBXFileReference; lastKnownFileType = sourcecode.swift; path = TweetCell.swift; sourceTree = "<group>"; };
		E253E3F92AF19E6700AE8B74 /* TweetViewModel.swift */ = {isa = PBXFileReference; lastKnownFileType = sourcecode.swift; path = TweetViewModel.swift; sourceTree = "<group>"; };
		E25E74842B05F5FC000C18A5 /* UserCell.swift */ = {isa = PBXFileReference; lastKnownFileType = sourcecode.swift; path = UserCell.swift; sourceTree = "<group>"; };
		E25FA0752AE96CB10037B522 /* Extensions.swift */ = {isa = PBXFileReference; lastKnownFileType = sourcecode.swift; path = Extensions.swift; sourceTree = "<group>"; };
		E26121202AEBCD290058280B /* GoogleService-Info.plist */ = {isa = PBXFileReference; lastKnownFileType = text.plist; path = "GoogleService-Info.plist"; sourceTree = SOURCE_ROOT; };
		E26121592AEC19900058280B /* Constants.swift */ = {isa = PBXFileReference; lastKnownFileType = sourcecode.swift; path = Constants.swift; sourceTree = "<group>"; };
		E261215B2AEC45C90058280B /* AuthService.swift */ = {isa = PBXFileReference; lastKnownFileType = sourcecode.swift; path = AuthService.swift; sourceTree = "<group>"; };
		E261215D2AED0B630058280B /* UserService.swift */ = {isa = PBXFileReference; lastKnownFileType = sourcecode.swift; path = UserService.swift; sourceTree = "<group>"; };
		E261215F2AED11270058280B /* User.swift */ = {isa = PBXFileReference; lastKnownFileType = sourcecode.swift; path = User.swift; sourceTree = "<group>"; };
		E26C97B72B42D4B1005E68BB /* ActionSheetCell.swift */ = {isa = PBXFileReference; lastKnownFileType = sourcecode.swift; path = ActionSheetCell.swift; sourceTree = "<group>"; };
		E26C97BB2B4315B8005E68BB /* ActionSheetViewModel.swift */ = {isa = PBXFileReference; lastKnownFileType = sourcecode.swift; path = ActionSheetViewModel.swift; sourceTree = "<group>"; };
		E273056F2AF2CDF100FAF263 /* ProfileController.swift */ = {isa = PBXFileReference; lastKnownFileType = sourcecode.swift; path = ProfileController.swift; sourceTree = "<group>"; };
		E277F1422AEACB47000BAD39 /* LoginController.swift */ = {isa = PBXFileReference; lastKnownFileType = sourcecode.swift; path = LoginController.swift; sourceTree = "<group>"; };
		E277F1442AEACC10000BAD39 /* RegistrationController.swift */ = {isa = PBXFileReference; lastKnownFileType = sourcecode.swift; path = RegistrationController.swift; sourceTree = "<group>"; };
		E277F1462AEAD769000BAD39 /* Utilities.swift */ = {isa = PBXFileReference; lastKnownFileType = sourcecode.swift; path = Utilities.swift; sourceTree = "<group>"; };
		E292195D2AEE417400B85A7A /* UploadTweetController.swift */ = {isa = PBXFileReference; lastKnownFileType = sourcecode.swift; path = UploadTweetController.swift; sourceTree = "<group>"; };
		E292195F2AEE803000B85A7A /* CaptionTextView.swift */ = {isa = PBXFileReference; lastKnownFileType = sourcecode.swift; path = CaptionTextView.swift; sourceTree = "<group>"; };
		E29219612AEE8BFE00B85A7A /* TweetService.swift */ = {isa = PBXFileReference; lastKnownFileType = sourcecode.swift; path = TweetService.swift; sourceTree = "<group>"; };
		E2B1BC2B2B42053400E3D048 /* ActionSheetLauncher.swift */ = {isa = PBXFileReference; lastKnownFileType = sourcecode.swift; path = ActionSheetLauncher.swift; sourceTree = "<group>"; };
		E2C72F462AAC9DD100F07716 /* FeedController.swift */ = {isa = PBXFileReference; lastKnownFileType = sourcecode.swift; path = FeedController.swift; sourceTree = "<group>"; };
		E2C72F482AAC9E4000F07716 /* ExploreController.swift */ = {isa = PBXFileReference; lastKnownFileType = sourcecode.swift; path = ExploreController.swift; sourceTree = "<group>"; };
		E2C72F4A2AAC9E5400F07716 /* NotificationsController.swift */ = {isa = PBXFileReference; lastKnownFileType = sourcecode.swift; path = NotificationsController.swift; sourceTree = "<group>"; };
		E2C72F4C2AAC9E6B00F07716 /* ConversationsController.swift */ = {isa = PBXFileReference; lastKnownFileType = sourcecode.swift; path = ConversationsController.swift; sourceTree = "<group>"; };
		E2CEF7672AF9574D006CE8B7 /* ProfileFilterView.swift */ = {isa = PBXFileReference; lastKnownFileType = sourcecode.swift; path = ProfileFilterView.swift; sourceTree = "<group>"; };
		E2CEF7692AF95AE9006CE8B7 /* ProfileFilterCell.swift */ = {isa = PBXFileReference; lastKnownFileType = sourcecode.swift; path = ProfileFilterCell.swift; sourceTree = "<group>"; };
		E2CEF76B2AFAC509006CE8B7 /* ProfileHeaderViewModel.swift */ = {isa = PBXFileReference; lastKnownFileType = sourcecode.swift; path = ProfileHeaderViewModel.swift; sourceTree = "<group>"; };
		E2DA47972AF4131500214C8F /* ProfileHeader.swift */ = {isa = PBXFileReference; lastKnownFileType = sourcecode.swift; path = ProfileHeader.swift; sourceTree = "<group>"; };
/* End PBXFileReference section */

/* Begin PBXFrameworksBuildPhase section */
		E2380A10299D5F8300E703BA /* Frameworks */ = {
			isa = PBXFrameworksBuildPhase;
			buildActionMask = 2147483647;
			files = (
				E26121652AED31940058280B /* SDWebImageMapKit in Frameworks */,
				E26121362AEBDD460058280B /* FirebaseDatabase in Frameworks */,
				E26121442AEBDD460058280B /* FirebaseFunctionsCombine-Community in Frameworks */,
				E261213C2AEBDD460058280B /* FirebaseFirestore in Frameworks */,
				E26121282AEBDD460058280B /* FirebaseAnalyticsSwift in Frameworks */,
				E26121242AEBDD460058280B /* FirebaseAnalytics in Frameworks */,
				E26121262AEBDD460058280B /* FirebaseAnalyticsOnDeviceConversion in Frameworks */,
				E261214C2AEBDD460058280B /* FirebaseMLModelDownloader in Frameworks */,
				E26121402AEBDD460058280B /* FirebaseFirestoreSwift in Frameworks */,
				E261212C2AEBDD460058280B /* FirebaseAppCheck in Frameworks */,
				E261212A2AEBDD460058280B /* FirebaseAnalyticsWithoutAdIdSupport in Frameworks */,
				E26121632AED31940058280B /* SDWebImage in Frameworks */,
				E26121302AEBDD460058280B /* FirebaseAuth in Frameworks */,
				E26121342AEBDD460058280B /* FirebaseCrashlytics in Frameworks */,
				E26121542AEBDD460058280B /* FirebaseRemoteConfigSwift in Frameworks */,
				E26121462AEBDD460058280B /* FirebaseInAppMessaging-Beta in Frameworks */,
				E26121382AEBDD460058280B /* FirebaseDatabaseSwift in Frameworks */,
				E26121422AEBDD460058280B /* FirebaseFunctions in Frameworks */,
				E26121582AEBDD460058280B /* FirebaseStorageCombine-Community in Frameworks */,
				E26121522AEBDD460058280B /* FirebaseRemoteConfig in Frameworks */,
				E261212E2AEBDD460058280B /* FirebaseAppDistribution-Beta in Frameworks */,
				E26121322AEBDD460058280B /* FirebaseAuthCombine-Community in Frameworks */,
				E26121502AEBDD460058280B /* FirebasePerformance in Frameworks */,
				E26121482AEBDD460058280B /* FirebaseInAppMessagingSwift-Beta in Frameworks */,
				E26121562AEBDD460058280B /* FirebaseStorage in Frameworks */,
				E261213A2AEBDD460058280B /* FirebaseDynamicLinks in Frameworks */,
				E261213E2AEBDD460058280B /* FirebaseFirestoreCombine-Community in Frameworks */,
				E261214E2AEBDD460058280B /* FirebaseMessaging in Frameworks */,
				E261214A2AEBDD460058280B /* FirebaseInstallations in Frameworks */,
			);
			runOnlyForDeploymentPostprocessing = 0;
		};
/* End PBXFrameworksBuildPhase section */

/* Begin PBXGroup section */
		E2380A0A299D5F8300E703BA = {
			isa = PBXGroup;
			children = (
				E2380A15299D5F8300E703BA /* TwitterClone */,
				E2380A14299D5F8300E703BA /* Products */,
			);
			sourceTree = "<group>";
		};
		E2380A14299D5F8300E703BA /* Products */ = {
			isa = PBXGroup;
			children = (
				E2380A13299D5F8300E703BA /* TwitterClone.app */,
			);
			name = Products;
			sourceTree = "<group>";
		};
		E2380A15299D5F8300E703BA /* TwitterClone */ = {
			isa = PBXGroup;
			children = (
				E2380A2F299D605800E703BA /* Model */,
				E2380A2E299D605600E703BA /* View */,
				E2380A2D299D605400E703BA /* ViewModel */,
				E2380A2C299D605200E703BA /* Controller */,
				E2380A2A299D604400E703BA /* API */,
				E2380A30299D60A300E703BA /* Utils */,
				E2380A16299D5F8300E703BA /* AppDelegate.swift */,
				E2380A18299D5F8300E703BA /* SceneDelegate.swift */,
				E2380A1C299D5F8300E703BA /* Main.storyboard */,
				E2380A1F299D5F8400E703BA /* Assets.xcassets */,
				E2380A21299D5F8400E703BA /* LaunchScreen.storyboard */,
				E26121202AEBCD290058280B /* GoogleService-Info.plist */,
				E2380A24299D5F8400E703BA /* Info.plist */,
			);
			path = TwitterClone;
			sourceTree = "<group>";
		};
		E2380A2A299D604400E703BA /* API */ = {
			isa = PBXGroup;
			children = (
				E261215B2AEC45C90058280B /* AuthService.swift */,
				E261215D2AED0B630058280B /* UserService.swift */,
				E29219612AEE8BFE00B85A7A /* TweetService.swift */,
			);
			path = API;
			sourceTree = "<group>";
		};
		E2380A2C299D605200E703BA /* Controller */ = {
			isa = PBXGroup;
			children = (
				E277F1412AEACB2A000BAD39 /* Authentication */,
				E2380A31299D61AE00E703BA /* MainTabController.swift */,
				E2C72F462AAC9DD100F07716 /* FeedController.swift */,
				E2C72F482AAC9E4000F07716 /* ExploreController.swift */,
				E2C72F4A2AAC9E5400F07716 /* NotificationsController.swift */,
				E2C72F4C2AAC9E6B00F07716 /* ConversationsController.swift */,
				E292195D2AEE417400B85A7A /* UploadTweetController.swift */,
				E273056F2AF2CDF100FAF263 /* ProfileController.swift */,
				E22092C62B3DF488004E3C69 /* TweetController.swift */,
			);
			path = Controller;
			sourceTree = "<group>";
		};
		E2380A2D299D605400E703BA /* ViewModel */ = {
			isa = PBXGroup;
			children = (
				E253E3F92AF19E6700AE8B74 /* TweetViewModel.swift */,
				E2CEF76B2AFAC509006CE8B7 /* ProfileHeaderViewModel.swift */,
				E241B2E82B4056F4008BF2DE /* UploadTweetViewModel.swift */,
				E26C97BB2B4315B8005E68BB /* ActionSheetViewModel.swift */,
			);
			path = ViewModel;
			sourceTree = "<group>";
		};
		E2380A2E299D605600E703BA /* View */ = {
			isa = PBXGroup;
			children = (
				E292195F2AEE803000B85A7A /* CaptionTextView.swift */,
				E253E3DD2AEFD10D00AE8B74 /* TweetCell.swift */,
				E2DA47972AF4131500214C8F /* ProfileHeader.swift */,
				E2CEF7672AF9574D006CE8B7 /* ProfileFilterView.swift */,
				E2CEF7692AF95AE9006CE8B7 /* ProfileFilterCell.swift */,
				E25E74842B05F5FC000C18A5 /* UserCell.swift */,
				E22092C82B3E011B004E3C69 /* TweetHeader.swift */,
				E26C97B72B42D4B1005E68BB /* ActionSheetCell.swift */,
			);
			path = View;
			sourceTree = "<group>";
		};
		E2380A2F299D605800E703BA /* Model */ = {
			isa = PBXGroup;
			children = (
				E261215F2AED11270058280B /* User.swift */,
				E253E3DB2AEFB89900AE8B74 /* Tweet.swift */,
			);
			path = Model;
			sourceTree = "<group>";
		};
		E2380A30299D60A300E703BA /* Utils */ = {
			isa = PBXGroup;
			children = (
				E25FA0752AE96CB10037B522 /* Extensions.swift */,
				E277F1462AEAD769000BAD39 /* Utilities.swift */,
				E26121592AEC19900058280B /* Constants.swift */,
				E2B1BC2B2B42053400E3D048 /* ActionSheetLauncher.swift */,
			);
			path = Utils;
			sourceTree = "<group>";
		};
		E277F1412AEACB2A000BAD39 /* Authentication */ = {
			isa = PBXGroup;
			children = (
				E277F1422AEACB47000BAD39 /* LoginController.swift */,
				E277F1442AEACC10000BAD39 /* RegistrationController.swift */,
			);
			path = Authentication;
			sourceTree = "<group>";
		};
/* End PBXGroup section */

/* Begin PBXNativeTarget section */
		E2380A12299D5F8300E703BA /* TwitterClone */ = {
			isa = PBXNativeTarget;
			buildConfigurationList = E2380A27299D5F8400E703BA /* Build configuration list for PBXNativeTarget "TwitterClone" */;
			buildPhases = (
				E2380A0F299D5F8300E703BA /* Sources */,
				E2380A10299D5F8300E703BA /* Frameworks */,
				E2380A11299D5F8300E703BA /* Resources */,
			);
			buildRules = (
			);
			dependencies = (
			);
			name = TwitterClone;
			packageProductDependencies = (
				E26121232AEBDD460058280B /* FirebaseAnalytics */,
				E26121252AEBDD460058280B /* FirebaseAnalyticsOnDeviceConversion */,
				E26121272AEBDD460058280B /* FirebaseAnalyticsSwift */,
				E26121292AEBDD460058280B /* FirebaseAnalyticsWithoutAdIdSupport */,
				E261212B2AEBDD460058280B /* FirebaseAppCheck */,
				E261212D2AEBDD460058280B /* FirebaseAppDistribution-Beta */,
				E261212F2AEBDD460058280B /* FirebaseAuth */,
				E26121312AEBDD460058280B /* FirebaseAuthCombine-Community */,
				E26121332AEBDD460058280B /* FirebaseCrashlytics */,
				E26121352AEBDD460058280B /* FirebaseDatabase */,
				E26121372AEBDD460058280B /* FirebaseDatabaseSwift */,
				E26121392AEBDD460058280B /* FirebaseDynamicLinks */,
				E261213B2AEBDD460058280B /* FirebaseFirestore */,
				E261213D2AEBDD460058280B /* FirebaseFirestoreCombine-Community */,
				E261213F2AEBDD460058280B /* FirebaseFirestoreSwift */,
				E26121412AEBDD460058280B /* FirebaseFunctions */,
				E26121432AEBDD460058280B /* FirebaseFunctionsCombine-Community */,
				E26121452AEBDD460058280B /* FirebaseInAppMessaging-Beta */,
				E26121472AEBDD460058280B /* FirebaseInAppMessagingSwift-Beta */,
				E26121492AEBDD460058280B /* FirebaseInstallations */,
				E261214B2AEBDD460058280B /* FirebaseMLModelDownloader */,
				E261214D2AEBDD460058280B /* FirebaseMessaging */,
				E261214F2AEBDD460058280B /* FirebasePerformance */,
				E26121512AEBDD460058280B /* FirebaseRemoteConfig */,
				E26121532AEBDD460058280B /* FirebaseRemoteConfigSwift */,
				E26121552AEBDD460058280B /* FirebaseStorage */,
				E26121572AEBDD460058280B /* FirebaseStorageCombine-Community */,
				E26121622AED31940058280B /* SDWebImage */,
				E26121642AED31940058280B /* SDWebImageMapKit */,
			);
			productName = TwitterClone;
			productReference = E2380A13299D5F8300E703BA /* TwitterClone.app */;
			productType = "com.apple.product-type.application";
		};
/* End PBXNativeTarget section */

/* Begin PBXProject section */
		E2380A0B299D5F8300E703BA /* Project object */ = {
			isa = PBXProject;
			attributes = {
				BuildIndependentTargetsInParallel = 1;
				LastSwiftUpdateCheck = 1420;
				LastUpgradeCheck = 1500;
				TargetAttributes = {
					E2380A12299D5F8300E703BA = {
						CreatedOnToolsVersion = 14.2;
					};
				};
			};
			buildConfigurationList = E2380A0E299D5F8300E703BA /* Build configuration list for PBXProject "TwitterClone" */;
			compatibilityVersion = "Xcode 14.0";
			developmentRegion = en;
			hasScannedForEncodings = 0;
			knownRegions = (
				en,
				Base,
			);
			mainGroup = E2380A0A299D5F8300E703BA;
			packageReferences = (
				E26121222AEBDD460058280B /* XCRemoteSwiftPackageReference "firebase-ios-sdk" */,
				E26121612AED31940058280B /* XCRemoteSwiftPackageReference "SDWebImage" */,
			);
			productRefGroup = E2380A14299D5F8300E703BA /* Products */;
			projectDirPath = "";
			projectRoot = "";
			targets = (
				E2380A12299D5F8300E703BA /* TwitterClone */,
			);
		};
/* End PBXProject section */

/* Begin PBXResourcesBuildPhase section */
		E2380A11299D5F8300E703BA /* Resources */ = {
			isa = PBXResourcesBuildPhase;
			buildActionMask = 2147483647;
			files = (
				E2380A23299D5F8400E703BA /* LaunchScreen.storyboard in Resources */,
				E26121212AEBCD290058280B /* GoogleService-Info.plist in Resources */,
				E2380A20299D5F8400E703BA /* Assets.xcassets in Resources */,
				E2380A1E299D5F8300E703BA /* Main.storyboard in Resources */,
			);
			runOnlyForDeploymentPostprocessing = 0;
		};
/* End PBXResourcesBuildPhase section */

/* Begin PBXSourcesBuildPhase section */
		E2380A0F299D5F8300E703BA /* Sources */ = {
			isa = PBXSourcesBuildPhase;
			buildActionMask = 2147483647;
			files = (
				E261215E2AED0B630058280B /* UserService.swift in Sources */,
				E2C72F4B2AAC9E5400F07716 /* NotificationsController.swift in Sources */,
				E2C72F4D2AAC9E6B00F07716 /* ConversationsController.swift in Sources */,
				E2CEF76A2AF95AE9006CE8B7 /* ProfileFilterCell.swift in Sources */,
				E277F1472AEAD769000BAD39 /* Utilities.swift in Sources */,
				E25E74852B05F5FC000C18A5 /* UserCell.swift in Sources */,
				E29219602AEE803000B85A7A /* CaptionTextView.swift in Sources */,
				E26C97B82B42D4B1005E68BB /* ActionSheetCell.swift in Sources */,
				E2380A17299D5F8300E703BA /* AppDelegate.swift in Sources */,
				E25FA0762AE96CB10037B522 /* Extensions.swift in Sources */,
				E22092C72B3DF488004E3C69 /* TweetController.swift in Sources */,
				E27305702AF2CDF100FAF263 /* ProfileController.swift in Sources */,
				E241B2E92B4056F4008BF2DE /* UploadTweetViewModel.swift in Sources */,
				E2DA47982AF4131500214C8F /* ProfileHeader.swift in Sources */,
				E253E3DE2AEFD10D00AE8B74 /* TweetCell.swift in Sources */,
				E2C72F492AAC9E4000F07716 /* ExploreController.swift in Sources */,
				E261215C2AEC45C90058280B /* AuthService.swift in Sources */,
				E2CEF76C2AFAC509006CE8B7 /* ProfileHeaderViewModel.swift in Sources */,
				E26121602AED11270058280B /* User.swift in Sources */,
				E292195E2AEE417400B85A7A /* UploadTweetController.swift in Sources */,
				E2380A19299D5F8300E703BA /* SceneDelegate.swift in Sources */,
				E2380A32299D61AE00E703BA /* MainTabController.swift in Sources */,
				E277F1432AEACB47000BAD39 /* LoginController.swift in Sources */,
				E22092C92B3E011B004E3C69 /* TweetHeader.swift in Sources */,
				E277F1452AEACC10000BAD39 /* RegistrationController.swift in Sources */,
				E26C97BC2B4315B8005E68BB /* ActionSheetViewModel.swift in Sources */,
				E2C72F472AAC9DD100F07716 /* FeedController.swift in Sources */,
				E261215A2AEC19900058280B /* Constants.swift in Sources */,
				E2CEF7682AF9574D006CE8B7 /* ProfileFilterView.swift in Sources */,
				E253E3FA2AF19E6800AE8B74 /* TweetViewModel.swift in Sources */,
				E2B1BC2C2B42053400E3D048 /* ActionSheetLauncher.swift in Sources */,
				E253E3DC2AEFB89900AE8B74 /* Tweet.swift in Sources */,
				E29219622AEE8BFE00B85A7A /* TweetService.swift in Sources */,
			);
			runOnlyForDeploymentPostprocessing = 0;
		};
/* End PBXSourcesBuildPhase section */

/* Begin PBXVariantGroup section */
		E2380A1C299D5F8300E703BA /* Main.storyboard */ = {
			isa = PBXVariantGroup;
			children = (
				E2380A1D299D5F8300E703BA /* Base */,
			);
			name = Main.storyboard;
			sourceTree = "<group>";
		};
		E2380A21299D5F8400E703BA /* LaunchScreen.storyboard */ = {
			isa = PBXVariantGroup;
			children = (
				E2380A22299D5F8400E703BA /* Base */,
			);
			name = LaunchScreen.storyboard;
			sourceTree = "<group>";
		};
/* End PBXVariantGroup section */

/* Begin XCBuildConfiguration section */
		E2380A25299D5F8400E703BA /* Debug */ = {
			isa = XCBuildConfiguration;
			buildSettings = {
				ALWAYS_SEARCH_USER_PATHS = NO;
				CLANG_ANALYZER_NONNULL = YES;
				CLANG_ANALYZER_NUMBER_OBJECT_CONVERSION = YES_AGGRESSIVE;
				CLANG_CXX_LANGUAGE_STANDARD = "gnu++20";
				CLANG_ENABLE_MODULES = YES;
				CLANG_ENABLE_OBJC_ARC = YES;
				CLANG_ENABLE_OBJC_WEAK = YES;
				CLANG_WARN_BLOCK_CAPTURE_AUTORELEASING = YES;
				CLANG_WARN_BOOL_CONVERSION = YES;
				CLANG_WARN_COMMA = YES;
				CLANG_WARN_CONSTANT_CONVERSION = YES;
				CLANG_WARN_DEPRECATED_OBJC_IMPLEMENTATIONS = YES;
				CLANG_WARN_DIRECT_OBJC_ISA_USAGE = YES_ERROR;
				CLANG_WARN_DOCUMENTATION_COMMENTS = YES;
				CLANG_WARN_EMPTY_BODY = YES;
				CLANG_WARN_ENUM_CONVERSION = YES;
				CLANG_WARN_INFINITE_RECURSION = YES;
				CLANG_WARN_INT_CONVERSION = YES;
				CLANG_WARN_NON_LITERAL_NULL_CONVERSION = YES;
				CLANG_WARN_OBJC_IMPLICIT_RETAIN_SELF = YES;
				CLANG_WARN_OBJC_LITERAL_CONVERSION = YES;
				CLANG_WARN_OBJC_ROOT_CLASS = YES_ERROR;
				CLANG_WARN_QUOTED_INCLUDE_IN_FRAMEWORK_HEADER = YES;
				CLANG_WARN_RANGE_LOOP_ANALYSIS = YES;
				CLANG_WARN_STRICT_PROTOTYPES = YES;
				CLANG_WARN_SUSPICIOUS_MOVE = YES;
				CLANG_WARN_UNGUARDED_AVAILABILITY = YES_AGGRESSIVE;
				CLANG_WARN_UNREACHABLE_CODE = YES;
				CLANG_WARN__DUPLICATE_METHOD_MATCH = YES;
				COPY_PHASE_STRIP = NO;
				DEBUG_INFORMATION_FORMAT = dwarf;
				ENABLE_STRICT_OBJC_MSGSEND = YES;
				ENABLE_TESTABILITY = YES;
				ENABLE_USER_SCRIPT_SANDBOXING = YES;
				GCC_C_LANGUAGE_STANDARD = gnu11;
				GCC_DYNAMIC_NO_PIC = NO;
				GCC_NO_COMMON_BLOCKS = YES;
				GCC_OPTIMIZATION_LEVEL = 0;
				GCC_PREPROCESSOR_DEFINITIONS = (
					"DEBUG=1",
					"$(inherited)",
				);
				GCC_WARN_64_TO_32_BIT_CONVERSION = YES;
				GCC_WARN_ABOUT_RETURN_TYPE = YES_ERROR;
				GCC_WARN_UNDECLARED_SELECTOR = YES;
				GCC_WARN_UNINITIALIZED_AUTOS = YES_AGGRESSIVE;
				GCC_WARN_UNUSED_FUNCTION = YES;
				GCC_WARN_UNUSED_VARIABLE = YES;
				IPHONEOS_DEPLOYMENT_TARGET = 16.2;
				MTL_ENABLE_DEBUG_INFO = INCLUDE_SOURCE;
				MTL_FAST_MATH = YES;
				ONLY_ACTIVE_ARCH = YES;
				SDKROOT = iphoneos;
				SWIFT_ACTIVE_COMPILATION_CONDITIONS = DEBUG;
				SWIFT_OPTIMIZATION_LEVEL = "-Onone";
			};
			name = Debug;
		};
		E2380A26299D5F8400E703BA /* Release */ = {
			isa = XCBuildConfiguration;
			buildSettings = {
				ALWAYS_SEARCH_USER_PATHS = NO;
				CLANG_ANALYZER_NONNULL = YES;
				CLANG_ANALYZER_NUMBER_OBJECT_CONVERSION = YES_AGGRESSIVE;
				CLANG_CXX_LANGUAGE_STANDARD = "gnu++20";
				CLANG_ENABLE_MODULES = YES;
				CLANG_ENABLE_OBJC_ARC = YES;
				CLANG_ENABLE_OBJC_WEAK = YES;
				CLANG_WARN_BLOCK_CAPTURE_AUTORELEASING = YES;
				CLANG_WARN_BOOL_CONVERSION = YES;
				CLANG_WARN_COMMA = YES;
				CLANG_WARN_CONSTANT_CONVERSION = YES;
				CLANG_WARN_DEPRECATED_OBJC_IMPLEMENTATIONS = YES;
				CLANG_WARN_DIRECT_OBJC_ISA_USAGE = YES_ERROR;
				CLANG_WARN_DOCUMENTATION_COMMENTS = YES;
				CLANG_WARN_EMPTY_BODY = YES;
				CLANG_WARN_ENUM_CONVERSION = YES;
				CLANG_WARN_INFINITE_RECURSION = YES;
				CLANG_WARN_INT_CONVERSION = YES;
				CLANG_WARN_NON_LITERAL_NULL_CONVERSION = YES;
				CLANG_WARN_OBJC_IMPLICIT_RETAIN_SELF = YES;
				CLANG_WARN_OBJC_LITERAL_CONVERSION = YES;
				CLANG_WARN_OBJC_ROOT_CLASS = YES_ERROR;
				CLANG_WARN_QUOTED_INCLUDE_IN_FRAMEWORK_HEADER = YES;
				CLANG_WARN_RANGE_LOOP_ANALYSIS = YES;
				CLANG_WARN_STRICT_PROTOTYPES = YES;
				CLANG_WARN_SUSPICIOUS_MOVE = YES;
				CLANG_WARN_UNGUARDED_AVAILABILITY = YES_AGGRESSIVE;
				CLANG_WARN_UNREACHABLE_CODE = YES;
				CLANG_WARN__DUPLICATE_METHOD_MATCH = YES;
				COPY_PHASE_STRIP = NO;
				DEBUG_INFORMATION_FORMAT = "dwarf-with-dsym";
				ENABLE_NS_ASSERTIONS = NO;
				ENABLE_STRICT_OBJC_MSGSEND = YES;
				ENABLE_USER_SCRIPT_SANDBOXING = YES;
				GCC_C_LANGUAGE_STANDARD = gnu11;
				GCC_NO_COMMON_BLOCKS = YES;
				GCC_WARN_64_TO_32_BIT_CONVERSION = YES;
				GCC_WARN_ABOUT_RETURN_TYPE = YES_ERROR;
				GCC_WARN_UNDECLARED_SELECTOR = YES;
				GCC_WARN_UNINITIALIZED_AUTOS = YES_AGGRESSIVE;
				GCC_WARN_UNUSED_FUNCTION = YES;
				GCC_WARN_UNUSED_VARIABLE = YES;
				IPHONEOS_DEPLOYMENT_TARGET = 16.2;
				MTL_ENABLE_DEBUG_INFO = NO;
				MTL_FAST_MATH = YES;
				SDKROOT = iphoneos;
				SWIFT_COMPILATION_MODE = wholemodule;
				SWIFT_OPTIMIZATION_LEVEL = "-O";
				VALIDATE_PRODUCT = YES;
			};
			name = Release;
		};
		E2380A28299D5F8400E703BA /* Debug */ = {
			isa = XCBuildConfiguration;
			buildSettings = {
				ASSETCATALOG_COMPILER_APPICON_NAME = AppIcon;
				ASSETCATALOG_COMPILER_GLOBAL_ACCENT_COLOR_NAME = AccentColor;
				ASSETCATALOG_COMPILER_INCLUDE_ALL_APPICON_ASSETS = YES;
				CODE_SIGN_STYLE = Automatic;
				CURRENT_PROJECT_VERSION = 1;
				DEVELOPMENT_TEAM = Q4YS55FQ72;
				GENERATE_INFOPLIST_FILE = YES;
				INFOPLIST_FILE = TwitterClone/Info.plist;
				INFOPLIST_KEY_UIApplicationSupportsIndirectInputEvents = YES;
				INFOPLIST_KEY_UILaunchStoryboardName = LaunchScreen;
				INFOPLIST_KEY_UIMainStoryboardFile = Main;
				INFOPLIST_KEY_UISupportedInterfaceOrientations_iPad = "UIInterfaceOrientationPortrait UIInterfaceOrientationPortraitUpsideDown UIInterfaceOrientationLandscapeLeft UIInterfaceOrientationLandscapeRight";
				INFOPLIST_KEY_UISupportedInterfaceOrientations_iPhone = "UIInterfaceOrientationPortrait UIInterfaceOrientationLandscapeLeft UIInterfaceOrientationLandscapeRight";
				LD_RUNPATH_SEARCH_PATHS = (
					"$(inherited)",
					"@executable_path/Frameworks",
				);
				MARKETING_VERSION = 1.0;
				PRODUCT_BUNDLE_IDENTIFIER = com.chiragarora.TwitterClone;
				PRODUCT_NAME = "$(TARGET_NAME)";
				SWIFT_EMIT_LOC_STRINGS = YES;
				SWIFT_VERSION = 5.0;
				TARGETED_DEVICE_FAMILY = "1,2";
			};
			name = Debug;
		};
		E2380A29299D5F8400E703BA /* Release */ = {
			isa = XCBuildConfiguration;
			buildSettings = {
				ASSETCATALOG_COMPILER_APPICON_NAME = AppIcon;
				ASSETCATALOG_COMPILER_GLOBAL_ACCENT_COLOR_NAME = AccentColor;
				ASSETCATALOG_COMPILER_INCLUDE_ALL_APPICON_ASSETS = YES;
				CODE_SIGN_STYLE = Automatic;
				CURRENT_PROJECT_VERSION = 1;
				DEVELOPMENT_TEAM = Q4YS55FQ72;
				GENERATE_INFOPLIST_FILE = YES;
				INFOPLIST_FILE = TwitterClone/Info.plist;
				INFOPLIST_KEY_UIApplicationSupportsIndirectInputEvents = YES;
				INFOPLIST_KEY_UILaunchStoryboardName = LaunchScreen;
				INFOPLIST_KEY_UIMainStoryboardFile = Main;
				INFOPLIST_KEY_UISupportedInterfaceOrientations_iPad = "UIInterfaceOrientationPortrait UIInterfaceOrientationPortraitUpsideDown UIInterfaceOrientationLandscapeLeft UIInterfaceOrientationLandscapeRight";
				INFOPLIST_KEY_UISupportedInterfaceOrientations_iPhone = "UIInterfaceOrientationPortrait UIInterfaceOrientationLandscapeLeft UIInterfaceOrientationLandscapeRight";
				LD_RUNPATH_SEARCH_PATHS = (
					"$(inherited)",
					"@executable_path/Frameworks",
				);
				MARKETING_VERSION = 1.0;
				PRODUCT_BUNDLE_IDENTIFIER = com.chiragarora.TwitterClone;
				PRODUCT_NAME = "$(TARGET_NAME)";
				SWIFT_EMIT_LOC_STRINGS = YES;
				SWIFT_VERSION = 5.0;
				TARGETED_DEVICE_FAMILY = "1,2";
			};
			name = Release;
		};
/* End XCBuildConfiguration section */

/* Begin XCConfigurationList section */
		E2380A0E299D5F8300E703BA /* Build configuration list for PBXProject "TwitterClone" */ = {
			isa = XCConfigurationList;
			buildConfigurations = (
				E2380A25299D5F8400E703BA /* Debug */,
				E2380A26299D5F8400E703BA /* Release */,
			);
			defaultConfigurationIsVisible = 0;
			defaultConfigurationName = Release;
		};
		E2380A27299D5F8400E703BA /* Build configuration list for PBXNativeTarget "TwitterClone" */ = {
			isa = XCConfigurationList;
			buildConfigurations = (
				E2380A28299D5F8400E703BA /* Debug */,
				E2380A29299D5F8400E703BA /* Release */,
			);
			defaultConfigurationIsVisible = 0;
			defaultConfigurationName = Release;
		};
/* End XCConfigurationList section */

/* Begin XCRemoteSwiftPackageReference section */
		E26121222AEBDD460058280B /* XCRemoteSwiftPackageReference "firebase-ios-sdk" */ = {
			isa = XCRemoteSwiftPackageReference;
			repositoryURL = "https://github.com/firebase/firebase-ios-sdk";
			requirement = {
				kind = upToNextMajorVersion;
				minimumVersion = 10.16.0;
			};
		};
		E26121612AED31940058280B /* XCRemoteSwiftPackageReference "SDWebImage" */ = {
			isa = XCRemoteSwiftPackageReference;
			repositoryURL = "https://github.com/SDWebImage/SDWebImage";
			requirement = {
				kind = upToNextMajorVersion;
				minimumVersion = 5.18.4;
			};
		};
/* End XCRemoteSwiftPackageReference section */

/* Begin XCSwiftPackageProductDependency section */
		E26121232AEBDD460058280B /* FirebaseAnalytics */ = {
			isa = XCSwiftPackageProductDependency;
			package = E26121222AEBDD460058280B /* XCRemoteSwiftPackageReference "firebase-ios-sdk" */;
			productName = FirebaseAnalytics;
		};
		E26121252AEBDD460058280B /* FirebaseAnalyticsOnDeviceConversion */ = {
			isa = XCSwiftPackageProductDependency;
			package = E26121222AEBDD460058280B /* XCRemoteSwiftPackageReference "firebase-ios-sdk" */;
			productName = FirebaseAnalyticsOnDeviceConversion;
		};
		E26121272AEBDD460058280B /* FirebaseAnalyticsSwift */ = {
			isa = XCSwiftPackageProductDependency;
			package = E26121222AEBDD460058280B /* XCRemoteSwiftPackageReference "firebase-ios-sdk" */;
			productName = FirebaseAnalyticsSwift;
		};
		E26121292AEBDD460058280B /* FirebaseAnalyticsWithoutAdIdSupport */ = {
			isa = XCSwiftPackageProductDependency;
			package = E26121222AEBDD460058280B /* XCRemoteSwiftPackageReference "firebase-ios-sdk" */;
			productName = FirebaseAnalyticsWithoutAdIdSupport;
		};
		E261212B2AEBDD460058280B /* FirebaseAppCheck */ = {
			isa = XCSwiftPackageProductDependency;
			package = E26121222AEBDD460058280B /* XCRemoteSwiftPackageReference "firebase-ios-sdk" */;
			productName = FirebaseAppCheck;
		};
		E261212D2AEBDD460058280B /* FirebaseAppDistribution-Beta */ = {
			isa = XCSwiftPackageProductDependency;
			package = E26121222AEBDD460058280B /* XCRemoteSwiftPackageReference "firebase-ios-sdk" */;
			productName = "FirebaseAppDistribution-Beta";
		};
		E261212F2AEBDD460058280B /* FirebaseAuth */ = {
			isa = XCSwiftPackageProductDependency;
			package = E26121222AEBDD460058280B /* XCRemoteSwiftPackageReference "firebase-ios-sdk" */;
			productName = FirebaseAuth;
		};
		E26121312AEBDD460058280B /* FirebaseAuthCombine-Community */ = {
			isa = XCSwiftPackageProductDependency;
			package = E26121222AEBDD460058280B /* XCRemoteSwiftPackageReference "firebase-ios-sdk" */;
			productName = "FirebaseAuthCombine-Community";
		};
		E26121332AEBDD460058280B /* FirebaseCrashlytics */ = {
			isa = XCSwiftPackageProductDependency;
			package = E26121222AEBDD460058280B /* XCRemoteSwiftPackageReference "firebase-ios-sdk" */;
			productName = FirebaseCrashlytics;
		};
		E26121352AEBDD460058280B /* FirebaseDatabase */ = {
			isa = XCSwiftPackageProductDependency;
			package = E26121222AEBDD460058280B /* XCRemoteSwiftPackageReference "firebase-ios-sdk" */;
			productName = FirebaseDatabase;
		};
		E26121372AEBDD460058280B /* FirebaseDatabaseSwift */ = {
			isa = XCSwiftPackageProductDependency;
			package = E26121222AEBDD460058280B /* XCRemoteSwiftPackageReference "firebase-ios-sdk" */;
			productName = FirebaseDatabaseSwift;
		};
		E26121392AEBDD460058280B /* FirebaseDynamicLinks */ = {
			isa = XCSwiftPackageProductDependency;
			package = E26121222AEBDD460058280B /* XCRemoteSwiftPackageReference "firebase-ios-sdk" */;
			productName = FirebaseDynamicLinks;
		};
		E261213B2AEBDD460058280B /* FirebaseFirestore */ = {
			isa = XCSwiftPackageProductDependency;
			package = E26121222AEBDD460058280B /* XCRemoteSwiftPackageReference "firebase-ios-sdk" */;
			productName = FirebaseFirestore;
		};
		E261213D2AEBDD460058280B /* FirebaseFirestoreCombine-Community */ = {
			isa = XCSwiftPackageProductDependency;
			package = E26121222AEBDD460058280B /* XCRemoteSwiftPackageReference "firebase-ios-sdk" */;
			productName = "FirebaseFirestoreCombine-Community";
		};
		E261213F2AEBDD460058280B /* FirebaseFirestoreSwift */ = {
			isa = XCSwiftPackageProductDependency;
			package = E26121222AEBDD460058280B /* XCRemoteSwiftPackageReference "firebase-ios-sdk" */;
			productName = FirebaseFirestoreSwift;
		};
		E26121412AEBDD460058280B /* FirebaseFunctions */ = {
			isa = XCSwiftPackageProductDependency;
			package = E26121222AEBDD460058280B /* XCRemoteSwiftPackageReference "firebase-ios-sdk" */;
			productName = FirebaseFunctions;
		};
		E26121432AEBDD460058280B /* FirebaseFunctionsCombine-Community */ = {
			isa = XCSwiftPackageProductDependency;
			package = E26121222AEBDD460058280B /* XCRemoteSwiftPackageReference "firebase-ios-sdk" */;
			productName = "FirebaseFunctionsCombine-Community";
		};
		E26121452AEBDD460058280B /* FirebaseInAppMessaging-Beta */ = {
			isa = XCSwiftPackageProductDependency;
			package = E26121222AEBDD460058280B /* XCRemoteSwiftPackageReference "firebase-ios-sdk" */;
			productName = "FirebaseInAppMessaging-Beta";
		};
		E26121472AEBDD460058280B /* FirebaseInAppMessagingSwift-Beta */ = {
			isa = XCSwiftPackageProductDependency;
			package = E26121222AEBDD460058280B /* XCRemoteSwiftPackageReference "firebase-ios-sdk" */;
			productName = "FirebaseInAppMessagingSwift-Beta";
		};
		E26121492AEBDD460058280B /* FirebaseInstallations */ = {
			isa = XCSwiftPackageProductDependency;
			package = E26121222AEBDD460058280B /* XCRemoteSwiftPackageReference "firebase-ios-sdk" */;
			productName = FirebaseInstallations;
		};
		E261214B2AEBDD460058280B /* FirebaseMLModelDownloader */ = {
			isa = XCSwiftPackageProductDependency;
			package = E26121222AEBDD460058280B /* XCRemoteSwiftPackageReference "firebase-ios-sdk" */;
			productName = FirebaseMLModelDownloader;
		};
		E261214D2AEBDD460058280B /* FirebaseMessaging */ = {
			isa = XCSwiftPackageProductDependency;
			package = E26121222AEBDD460058280B /* XCRemoteSwiftPackageReference "firebase-ios-sdk" */;
			productName = FirebaseMessaging;
		};
		E261214F2AEBDD460058280B /* FirebasePerformance */ = {
			isa = XCSwiftPackageProductDependency;
			package = E26121222AEBDD460058280B /* XCRemoteSwiftPackageReference "firebase-ios-sdk" */;
			productName = FirebasePerformance;
		};
		E26121512AEBDD460058280B /* FirebaseRemoteConfig */ = {
			isa = XCSwiftPackageProductDependency;
			package = E26121222AEBDD460058280B /* XCRemoteSwiftPackageReference "firebase-ios-sdk" */;
			productName = FirebaseRemoteConfig;
		};
		E26121532AEBDD460058280B /* FirebaseRemoteConfigSwift */ = {
			isa = XCSwiftPackageProductDependency;
			package = E26121222AEBDD460058280B /* XCRemoteSwiftPackageReference "firebase-ios-sdk" */;
			productName = FirebaseRemoteConfigSwift;
		};
		E26121552AEBDD460058280B /* FirebaseStorage */ = {
			isa = XCSwiftPackageProductDependency;
			package = E26121222AEBDD460058280B /* XCRemoteSwiftPackageReference "firebase-ios-sdk" */;
			productName = FirebaseStorage;
		};
		E26121572AEBDD460058280B /* FirebaseStorageCombine-Community */ = {
			isa = XCSwiftPackageProductDependency;
			package = E26121222AEBDD460058280B /* XCRemoteSwiftPackageReference "firebase-ios-sdk" */;
			productName = "FirebaseStorageCombine-Community";
		};
		E26121622AED31940058280B /* SDWebImage */ = {
			isa = XCSwiftPackageProductDependency;
			package = E26121612AED31940058280B /* XCRemoteSwiftPackageReference "SDWebImage" */;
			productName = SDWebImage;
		};
		E26121642AED31940058280B /* SDWebImageMapKit */ = {
			isa = XCSwiftPackageProductDependency;
			package = E26121612AED31940058280B /* XCRemoteSwiftPackageReference "SDWebImage" */;
			productName = SDWebImageMapKit;
		};
/* End XCSwiftPackageProductDependency section */
	};
	rootObject = E2380A0B299D5F8300E703BA /* Project object */;
}
